
Microsoft Visual Studio Solution File, Format Version 12.00
# Visual Studio Version 17
VisualStudioVersion = 17.13.35806.99 d17.13
MinimumVisualStudioVersion = 10.0.40219.1
Project("{FAE04EC0-301F-11D3-BF4B-00C04F79EFBC}") = "Taller2", "Taller2.csproj", "{43B9EED8-33F3-4BF4-B8E1-6A579893AF4A}"
EndProject
Global
	GlobalSection(SolutionConfigurationPlatforms) = preSolution
		Debug|Any CPU = Debug|Any CPU
		Release|Any CPU = Release|Any CPU
	EndGlobalSection
	GlobalSection(ProjectConfigurationPlatforms) = postSolution
		{43B9EED8-33F3-4BF4-B8E1-6A579893AF4A}.Debug|Any CPU.ActiveCfg = Debug|Any CPU
		{43B9EED8-33F3-4BF4-B8E1-6A579893AF4A}.Debug|Any CPU.Build.0 = Debug|Any CPU
		{43B9EED8-33F3-4BF4-B8E1-6A579893AF4A}.Release|Any CPU.ActiveCfg = Release|Any CPU
		{43B9EED8-33F3-4BF4-B8E1-6A579893AF4A}.Release|Any CPU.Build.0 = Release|Any CPU
	EndGlobalSection
	GlobalSection(SolutionProperties) = preSolution
		HideSolutionNode = FALSE
	EndGlobalSection
	GlobalSection(ExtensibilityGlobals) = postSolution
		SolutionGuid = {540D6626-400D-4BBB-9F97-32F641CC6A22}
	EndGlobalSection
EndGlobal
